// !$*UTF8*$!
{
	archiveVersion = 1;
	classes = {
	};
	objectVersion = 46;
	objects = {

/* Begin PBXBuildFile section */
		01BAC7B61AE2CF55007DFA6C /* main.m in Sources */ = {isa = PBXBuildFile; fileRef = 01BAC7B51AE2CF55007DFA6C /* main.m */; };
		01BAC7B91AE2CF55007DFA6C /* AppDelegate.m in Sources */ = {isa = PBXBuildFile; fileRef = 01BAC7B81AE2CF55007DFA6C /* AppDelegate.m */; };
		01BAC7C11AE2CF55007DFA6C /* Images.xcassets in Resources */ = {isa = PBXBuildFile; fileRef = 01BAC7C01AE2CF55007DFA6C /* Images.xcassets */; };
		01BAC7C41AE2CF55007DFA6C /* LaunchScreen.xib in Resources */ = {isa = PBXBuildFile; fileRef = 01BAC7C21AE2CF55007DFA6C /* LaunchScreen.xib */; };
		01BAC7D01AE2CF55007DFA6C /* sizeOfTests.m in Sources */ = {isa = PBXBuildFile; fileRef = 01BAC7CF1AE2CF55007DFA6C /* sizeOfTests.m */; };
		01BAC7DC1AE2D3B3007DFA6C /* CameraViewController.m in Sources */ = {isa = PBXBuildFile; fileRef = 01BAC7DA1AE2D3B3007DFA6C /* CameraViewController.m */; };
		01BAC7DD1AE2D3B3007DFA6C /* CameraViewController.xib in Resources */ = {isa = PBXBuildFile; fileRef = 01BAC7DB1AE2D3B3007DFA6C /* CameraViewController.xib */; };
		01BAC7E71AE2DB8E007DFA6C /* CallibrationViewController.m in Sources */ = {isa = PBXBuildFile; fileRef = 01BAC7E51AE2DB8E007DFA6C /* CallibrationViewController.m */; };
		01BAC7E81AE2DB8E007DFA6C /* CallibrationViewController.xib in Resources */ = {isa = PBXBuildFile; fileRef = 01BAC7E61AE2DB8E007DFA6C /* CallibrationViewController.xib */; };
		01BAC7EA1AE2DBDD007DFA6C /* AVFoundation.framework in Frameworks */ = {isa = PBXBuildFile; fileRef = 01BAC7E91AE2DBDD007DFA6C /* AVFoundation.framework */; };
		01BAC7EC1AE2DBF0007DFA6C /* CoreImage.framework in Frameworks */ = {isa = PBXBuildFile; fileRef = 01BAC7EB1AE2DBF0007DFA6C /* CoreImage.framework */; };
		01BAC7EF1AE32444007DFA6C /* MessageUI.framework in Frameworks */ = {isa = PBXBuildFile; fileRef = 01BAC7EE1AE32444007DFA6C /* MessageUI.framework */; };
		01E8B1AA1AE3567800C128CE /* PointsViewController.m in Sources */ = {isa = PBXBuildFile; fileRef = 01E8B1A81AE3567800C128CE /* PointsViewController.m */; };
		01E8B1AB1AE3567800C128CE /* PointsViewController.xib in Resources */ = {isa = PBXBuildFile; fileRef = 01E8B1A91AE3567800C128CE /* PointsViewController.xib */; };
		01E8B1AF1AE3851200C128CE /* CaptureViewController.m in Sources */ = {isa = PBXBuildFile; fileRef = 01E8B1AD1AE3851200C128CE /* CaptureViewController.m */; };
		01E8B1B01AE3851200C128CE /* CaptureViewController.xib in Resources */ = {isa = PBXBuildFile; fileRef = 01E8B1AE1AE3851200C128CE /* CaptureViewController.xib */; };
		01E8B1B31AE3873900C128CE /* MotionTracker.m in Sources */ = {isa = PBXBuildFile; fileRef = 01E8B1B21AE3873900C128CE /* MotionTracker.m */; };
/* End PBXBuildFile section */

/* Begin PBXContainerItemProxy section */
		01BAC7CA1AE2CF55007DFA6C /* PBXContainerItemProxy */ = {
			isa = PBXContainerItemProxy;
			containerPortal = 01BAC7A81AE2CF55007DFA6C /* Project object */;
			proxyType = 1;
			remoteGlobalIDString = 01BAC7AF1AE2CF55007DFA6C;
			remoteInfo = sizeOf;
		};
/* End PBXContainerItemProxy section */

/* Begin PBXFileReference section */
		01BAC7B01AE2CF55007DFA6C /* sizeOf.app */ = {isa = PBXFileReference; explicitFileType = wrapper.application; includeInIndex = 0; path = sizeOf.app; sourceTree = BUILT_PRODUCTS_DIR; };
		01BAC7B41AE2CF55007DFA6C /* Info.plist */ = {isa = PBXFileReference; lastKnownFileType = text.plist.xml; path = Info.plist; sourceTree = "<group>"; };
		01BAC7B51AE2CF55007DFA6C /* main.m */ = {isa = PBXFileReference; lastKnownFileType = sourcecode.c.objc; path = main.m; sourceTree = "<group>"; };
		01BAC7B71AE2CF55007DFA6C /* AppDelegate.h */ = {isa = PBXFileReference; lastKnownFileType = sourcecode.c.h; path = AppDelegate.h; sourceTree = "<group>"; };
		01BAC7B81AE2CF55007DFA6C /* AppDelegate.m */ = {isa = PBXFileReference; lastKnownFileType = sourcecode.c.objc; path = AppDelegate.m; sourceTree = "<group>"; };
		01BAC7C01AE2CF55007DFA6C /* Images.xcassets */ = {isa = PBXFileReference; lastKnownFileType = folder.assetcatalog; path = Images.xcassets; sourceTree = "<group>"; };
		01BAC7C31AE2CF55007DFA6C /* Base */ = {isa = PBXFileReference; lastKnownFileType = file.xib; name = Base; path = Base.lproj/LaunchScreen.xib; sourceTree = "<group>"; };
		01BAC7C91AE2CF55007DFA6C /* sizeOfTests.xctest */ = {isa = PBXFileReference; explicitFileType = wrapper.cfbundle; includeInIndex = 0; path = sizeOfTests.xctest; sourceTree = BUILT_PRODUCTS_DIR; };
		01BAC7CE1AE2CF55007DFA6C /* Info.plist */ = {isa = PBXFileReference; lastKnownFileType = text.plist.xml; path = Info.plist; sourceTree = "<group>"; };
		01BAC7CF1AE2CF55007DFA6C /* sizeOfTests.m */ = {isa = PBXFileReference; lastKnownFileType = sourcecode.c.objc; path = sizeOfTests.m; sourceTree = "<group>"; };
		01BAC7D91AE2D3B3007DFA6C /* CameraViewController.h */ = {isa = PBXFileReference; fileEncoding = 4; lastKnownFileType = sourcecode.c.h; name = CameraViewController.h; path = sizeOf/Controllers/CameraViewController.h; sourceTree = "<group>"; };
		01BAC7DA1AE2D3B3007DFA6C /* CameraViewController.m */ = {isa = PBXFileReference; fileEncoding = 4; lastKnownFileType = sourcecode.c.objc; name = CameraViewController.m; path = sizeOf/Controllers/CameraViewController.m; sourceTree = "<group>"; };
		01BAC7DB1AE2D3B3007DFA6C /* CameraViewController.xib */ = {isa = PBXFileReference; fileEncoding = 4; lastKnownFileType = file.xib; name = CameraViewController.xib; path = sizeOf/Controllers/CameraViewController.xib; sourceTree = "<group>"; };
		01BAC7E41AE2DB8E007DFA6C /* CallibrationViewController.h */ = {isa = PBXFileReference; fileEncoding = 4; lastKnownFileType = sourcecode.c.h; name = CallibrationViewController.h; path = sizeOf/Controllers/CallibrationViewController.h; sourceTree = "<group>"; };
		01BAC7E51AE2DB8E007DFA6C /* CallibrationViewController.m */ = {isa = PBXFileReference; fileEncoding = 4; lastKnownFileType = sourcecode.c.objc; name = CallibrationViewController.m; path = sizeOf/Controllers/CallibrationViewController.m; sourceTree = "<group>"; };
		01BAC7E61AE2DB8E007DFA6C /* CallibrationViewController.xib */ = {isa = PBXFileReference; fileEncoding = 4; lastKnownFileType = file.xib; name = CallibrationViewController.xib; path = sizeOf/Controllers/CallibrationViewController.xib; sourceTree = "<group>"; };
		01BAC7E91AE2DBDD007DFA6C /* AVFoundation.framework */ = {isa = PBXFileReference; lastKnownFileType = wrapper.framework; name = AVFoundation.framework; path = System/Library/Frameworks/AVFoundation.framework; sourceTree = SDKROOT; };
		01BAC7EB1AE2DBF0007DFA6C /* CoreImage.framework */ = {isa = PBXFileReference; lastKnownFileType = wrapper.framework; name = CoreImage.framework; path = System/Library/Frameworks/CoreImage.framework; sourceTree = SDKROOT; };
		01BAC7EE1AE32444007DFA6C /* MessageUI.framework */ = {isa = PBXFileReference; lastKnownFileType = wrapper.framework; name = MessageUI.framework; path = System/Library/Frameworks/MessageUI.framework; sourceTree = SDKROOT; };
		01E8B1A71AE3567800C128CE /* PointsViewController.h */ = {isa = PBXFileReference; fileEncoding = 4; lastKnownFileType = sourcecode.c.h; name = PointsViewController.h; path = sizeOf/Controllers/PointsViewController.h; sourceTree = "<group>"; };
		01E8B1A81AE3567800C128CE /* PointsViewController.m */ = {isa = PBXFileReference; fileEncoding = 4; lastKnownFileType = sourcecode.c.objc; name = PointsViewController.m; path = sizeOf/Controllers/PointsViewController.m; sourceTree = "<group>"; };
		01E8B1A91AE3567800C128CE /* PointsViewController.xib */ = {isa = PBXFileReference; fileEncoding = 4; lastKnownFileType = file.xib; name = PointsViewController.xib; path = sizeOf/Controllers/PointsViewController.xib; sourceTree = "<group>"; };
		01E8B1AC1AE3851200C128CE /* CaptureViewController.h */ = {isa = PBXFileReference; fileEncoding = 4; lastKnownFileType = sourcecode.c.h; name = CaptureViewController.h; path = sizeOf/Controllers/CaptureViewController.h; sourceTree = "<group>"; };
		01E8B1AD1AE3851200C128CE /* CaptureViewController.m */ = {isa = PBXFileReference; fileEncoding = 4; lastKnownFileType = sourcecode.c.objc; name = CaptureViewController.m; path = sizeOf/Controllers/CaptureViewController.m; sourceTree = "<group>"; };
		01E8B1AE1AE3851200C128CE /* CaptureViewController.xib */ = {isa = PBXFileReference; fileEncoding = 4; lastKnownFileType = file.xib; name = CaptureViewController.xib; path = sizeOf/Controllers/CaptureViewController.xib; sourceTree = "<group>"; };
		01E8B1B11AE3873900C128CE /* MotionTracker.h */ = {isa = PBXFileReference; fileEncoding = 4; lastKnownFileType = sourcecode.c.h; name = MotionTracker.h; path = sizeOf/Model/MotionTracker.h; sourceTree = "<group>"; };
		01E8B1B21AE3873900C128CE /* MotionTracker.m */ = {isa = PBXFileReference; fileEncoding = 4; lastKnownFileType = sourcecode.c.objc; name = MotionTracker.m; path = sizeOf/Model/MotionTracker.m; sourceTree = "<group>"; };
/* End PBXFileReference section */

/* Begin PBXFrameworksBuildPhase section */
		01BAC7AD1AE2CF55007DFA6C /* Frameworks */ = {
			isa = PBXFrameworksBuildPhase;
			buildActionMask = 2147483647;
			files = (
				01BAC7EF1AE32444007DFA6C /* MessageUI.framework in Frameworks */,
				01BAC7EC1AE2DBF0007DFA6C /* CoreImage.framework in Frameworks */,
				01BAC7EA1AE2DBDD007DFA6C /* AVFoundation.framework in Frameworks */,
			);
			runOnlyForDeploymentPostprocessing = 0;
		};
		01BAC7C61AE2CF55007DFA6C /* Frameworks */ = {
			isa = PBXFrameworksBuildPhase;
			buildActionMask = 2147483647;
			files = (
			);
			runOnlyForDeploymentPostprocessing = 0;
		};
/* End PBXFrameworksBuildPhase section */

/* Begin PBXGroup section */
		01BAC7A71AE2CF55007DFA6C = {
			isa = PBXGroup;
			children = (
				01BAC7ED1AE2DBF6007DFA6C /* Frameworks */,
				01E8B1B41AE3874000C128CE /* Model */,
				01BAC7DE1AE2D3B9007DFA6C /* Controllers */,
				01BAC7B21AE2CF55007DFA6C /* sizeOf */,
				01BAC7CC1AE2CF55007DFA6C /* sizeOfTests */,
				01BAC7B11AE2CF55007DFA6C /* Products */,
			);
			sourceTree = "<group>";
		};
		01BAC7B11AE2CF55007DFA6C /* Products */ = {
			isa = PBXGroup;
			children = (
				01BAC7B01AE2CF55007DFA6C /* sizeOf.app */,
				01BAC7C91AE2CF55007DFA6C /* sizeOfTests.xctest */,
			);
			name = Products;
			sourceTree = "<group>";
		};
		01BAC7B21AE2CF55007DFA6C /* sizeOf */ = {
			isa = PBXGroup;
			children = (
				01BAC7B71AE2CF55007DFA6C /* AppDelegate.h */,
				01BAC7B81AE2CF55007DFA6C /* AppDelegate.m */,
				01BAC7C01AE2CF55007DFA6C /* Images.xcassets */,
				01BAC7C21AE2CF55007DFA6C /* LaunchScreen.xib */,
				01BAC7B31AE2CF55007DFA6C /* Supporting Files */,
			);
			path = sizeOf;
			sourceTree = "<group>";
		};
		01BAC7B31AE2CF55007DFA6C /* Supporting Files */ = {
			isa = PBXGroup;
			children = (
				01BAC7B41AE2CF55007DFA6C /* Info.plist */,
				01BAC7B51AE2CF55007DFA6C /* main.m */,
			);
			name = "Supporting Files";
			sourceTree = "<group>";
		};
		01BAC7CC1AE2CF55007DFA6C /* sizeOfTests */ = {
			isa = PBXGroup;
			children = (
				01BAC7CF1AE2CF55007DFA6C /* sizeOfTests.m */,
				01BAC7CD1AE2CF55007DFA6C /* Supporting Files */,
			);
			path = sizeOfTests;
			sourceTree = "<group>";
		};
		01BAC7CD1AE2CF55007DFA6C /* Supporting Files */ = {
			isa = PBXGroup;
			children = (
				01BAC7CE1AE2CF55007DFA6C /* Info.plist */,
			);
			name = "Supporting Files";
			sourceTree = "<group>";
		};
		01BAC7DE1AE2D3B9007DFA6C /* Controllers */ = {
			isa = PBXGroup;
			children = (
				01E8B1AC1AE3851200C128CE /* CaptureViewController.h */,
				01E8B1AD1AE3851200C128CE /* CaptureViewController.m */,
				01E8B1AE1AE3851200C128CE /* CaptureViewController.xib */,
				01BAC7D91AE2D3B3007DFA6C /* CameraViewController.h */,
				01BAC7DA1AE2D3B3007DFA6C /* CameraViewController.m */,
				01BAC7DB1AE2D3B3007DFA6C /* CameraViewController.xib */,
				01BAC7E41AE2DB8E007DFA6C /* CallibrationViewController.h */,
				01BAC7E51AE2DB8E007DFA6C /* CallibrationViewController.m */,
				01BAC7E61AE2DB8E007DFA6C /* CallibrationViewController.xib */,
				01E8B1A71AE3567800C128CE /* PointsViewController.h */,
				01E8B1A81AE3567800C128CE /* PointsViewController.m */,
				01E8B1A91AE3567800C128CE /* PointsViewController.xib */,
			);
			name = Controllers;
			sourceTree = "<group>";
		};
		01BAC7ED1AE2DBF6007DFA6C /* Frameworks */ = {
			isa = PBXGroup;
			children = (
				01BAC7EE1AE32444007DFA6C /* MessageUI.framework */,
				01BAC7EB1AE2DBF0007DFA6C /* CoreImage.framework */,
				01BAC7E91AE2DBDD007DFA6C /* AVFoundation.framework */,
			);
			name = Frameworks;
			sourceTree = "<group>";
		};
		01E8B1B41AE3874000C128CE /* Model */ = {
			isa = PBXGroup;
			children = (
				01E8B1B11AE3873900C128CE /* MotionTracker.h */,
				01E8B1B21AE3873900C128CE /* MotionTracker.m */,
			);
			name = Model;
			sourceTree = "<group>";
		};
/* End PBXGroup section */

/* Begin PBXNativeTarget section */
		01BAC7AF1AE2CF55007DFA6C /* sizeOf */ = {
			isa = PBXNativeTarget;
			buildConfigurationList = 01BAC7D31AE2CF55007DFA6C /* Build configuration list for PBXNativeTarget "sizeOf" */;
			buildPhases = (
				01BAC7AC1AE2CF55007DFA6C /* Sources */,
				01BAC7AD1AE2CF55007DFA6C /* Frameworks */,
				01BAC7AE1AE2CF55007DFA6C /* Resources */,
			);
			buildRules = (
			);
			dependencies = (
			);
			name = sizeOf;
			productName = sizeOf;
			productReference = 01BAC7B01AE2CF55007DFA6C /* sizeOf.app */;
			productType = "com.apple.product-type.application";
		};
		01BAC7C81AE2CF55007DFA6C /* sizeOfTests */ = {
			isa = PBXNativeTarget;
			buildConfigurationList = 01BAC7D61AE2CF55007DFA6C /* Build configuration list for PBXNativeTarget "sizeOfTests" */;
			buildPhases = (
				01BAC7C51AE2CF55007DFA6C /* Sources */,
				01BAC7C61AE2CF55007DFA6C /* Frameworks */,
				01BAC7C71AE2CF55007DFA6C /* Resources */,
			);
			buildRules = (
			);
			dependencies = (
				01BAC7CB1AE2CF55007DFA6C /* PBXTargetDependency */,
			);
			name = sizeOfTests;
			productName = sizeOfTests;
			productReference = 01BAC7C91AE2CF55007DFA6C /* sizeOfTests.xctest */;
			productType = "com.apple.product-type.bundle.unit-test";
		};
/* End PBXNativeTarget section */

/* Begin PBXProject section */
		01BAC7A81AE2CF55007DFA6C /* Project object */ = {
			isa = PBXProject;
			attributes = {
				LastUpgradeCheck = 0620;
				ORGANIZATIONNAME = Antumbra;
				TargetAttributes = {
					01BAC7AF1AE2CF55007DFA6C = {
						CreatedOnToolsVersion = 6.2;
					};
					01BAC7C81AE2CF55007DFA6C = {
						CreatedOnToolsVersion = 6.2;
						TestTargetID = 01BAC7AF1AE2CF55007DFA6C;
					};
				};
			};
			buildConfigurationList = 01BAC7AB1AE2CF55007DFA6C /* Build configuration list for PBXProject "sizeOf" */;
			compatibilityVersion = "Xcode 3.2";
			developmentRegion = English;
			hasScannedForEncodings = 0;
			knownRegions = (
				en,
				Base,
			);
			mainGroup = 01BAC7A71AE2CF55007DFA6C;
			productRefGroup = 01BAC7B11AE2CF55007DFA6C /* Products */;
			projectDirPath = "";
			projectRoot = "";
			targets = (
				01BAC7AF1AE2CF55007DFA6C /* sizeOf */,
				01BAC7C81AE2CF55007DFA6C /* sizeOfTests */,
			);
		};
/* End PBXProject section */

/* Begin PBXResourcesBuildPhase section */
		01BAC7AE1AE2CF55007DFA6C /* Resources */ = {
			isa = PBXResourcesBuildPhase;
			buildActionMask = 2147483647;
			files = (
				01BAC7DD1AE2D3B3007DFA6C /* CameraViewController.xib in Resources */,
				01E8B1AB1AE3567800C128CE /* PointsViewController.xib in Resources */,
				01BAC7C41AE2CF55007DFA6C /* LaunchScreen.xib in Resources */,
				01BAC7E81AE2DB8E007DFA6C /* CallibrationViewController.xib in Resources */,
				01BAC7C11AE2CF55007DFA6C /* Images.xcassets in Resources */,
				01E8B1B01AE3851200C128CE /* CaptureViewController.xib in Resources */,
			);
			runOnlyForDeploymentPostprocessing = 0;
		};
		01BAC7C71AE2CF55007DFA6C /* Resources */ = {
			isa = PBXResourcesBuildPhase;
			buildActionMask = 2147483647;
			files = (
			);
			runOnlyForDeploymentPostprocessing = 0;
		};
/* End PBXResourcesBuildPhase section */

/* Begin PBXSourcesBuildPhase section */
		01BAC7AC1AE2CF55007DFA6C /* Sources */ = {
			isa = PBXSourcesBuildPhase;
			buildActionMask = 2147483647;
			files = (
				01BAC7DC1AE2D3B3007DFA6C /* CameraViewController.m in Sources */,
				01BAC7B91AE2CF55007DFA6C /* AppDelegate.m in Sources */,
				01E8B1AA1AE3567800C128CE /* PointsViewController.m in Sources */,
				01BAC7E71AE2DB8E007DFA6C /* CallibrationViewController.m in Sources */,
				01E8B1B31AE3873900C128CE /* MotionTracker.m in Sources */,
				01BAC7B61AE2CF55007DFA6C /* main.m in Sources */,
				01E8B1AF1AE3851200C128CE /* CaptureViewController.m in Sources */,
			);
			runOnlyForDeploymentPostprocessing = 0;
		};
		01BAC7C51AE2CF55007DFA6C /* Sources */ = {
			isa = PBXSourcesBuildPhase;
			buildActionMask = 2147483647;
			files = (
				01BAC7D01AE2CF55007DFA6C /* sizeOfTests.m in Sources */,
			);
			runOnlyForDeploymentPostprocessing = 0;
		};
/* End PBXSourcesBuildPhase section */

/* Begin PBXTargetDependency section */
		01BAC7CB1AE2CF55007DFA6C /* PBXTargetDependency */ = {
			isa = PBXTargetDependency;
			target = 01BAC7AF1AE2CF55007DFA6C /* sizeOf */;
			targetProxy = 01BAC7CA1AE2CF55007DFA6C /* PBXContainerItemProxy */;
		};
/* End PBXTargetDependency section */

/* Begin PBXVariantGroup section */
		01BAC7C21AE2CF55007DFA6C /* LaunchScreen.xib */ = {
			isa = PBXVariantGroup;
			children = (
				01BAC7C31AE2CF55007DFA6C /* Base */,
			);
			name = LaunchScreen.xib;
			sourceTree = "<group>";
		};
/* End PBXVariantGroup section */

/* Begin XCBuildConfiguration section */
		01BAC7D11AE2CF55007DFA6C /* Debug */ = {
			isa = XCBuildConfiguration;
			buildSettings = {
				ALWAYS_SEARCH_USER_PATHS = NO;
				CLANG_CXX_LANGUAGE_STANDARD = "gnu++0x";
				CLANG_CXX_LIBRARY = "libc++";
				CLANG_ENABLE_MODULES = YES;
				CLANG_ENABLE_OBJC_ARC = YES;
				CLANG_WARN_BOOL_CONVERSION = YES;
				CLANG_WARN_CONSTANT_CONVERSION = YES;
				CLANG_WARN_DIRECT_OBJC_ISA_USAGE = YES_ERROR;
				CLANG_WARN_EMPTY_BODY = YES;
				CLANG_WARN_ENUM_CONVERSION = YES;
				CLANG_WARN_INT_CONVERSION = YES;
				CLANG_WARN_OBJC_ROOT_CLASS = YES_ERROR;
				CLANG_WARN_UNREACHABLE_CODE = YES;
				CLANG_WARN__DUPLICATE_METHOD_MATCH = YES;
				"CODE_SIGN_IDENTITY[sdk=iphoneos*]" = "iPhone Developer";
				COPY_PHASE_STRIP = NO;
				ENABLE_STRICT_OBJC_MSGSEND = YES;
				GCC_C_LANGUAGE_STANDARD = gnu99;
				GCC_DYNAMIC_NO_PIC = NO;
				GCC_OPTIMIZATION_LEVEL = 0;
				GCC_PREPROCESSOR_DEFINITIONS = (
					"DEBUG=1",
					"$(inherited)",
				);
				GCC_SYMBOLS_PRIVATE_EXTERN = NO;
				GCC_WARN_64_TO_32_BIT_CONVERSION = YES;
				GCC_WARN_ABOUT_RETURN_TYPE = YES_ERROR;
				GCC_WARN_UNDECLARED_SELECTOR = YES;
				GCC_WARN_UNINITIALIZED_AUTOS = YES_AGGRESSIVE;
				GCC_WARN_UNUSED_FUNCTION = YES;
				GCC_WARN_UNUSED_VARIABLE = YES;
				IPHONEOS_DEPLOYMENT_TARGET = 8.2;
				MTL_ENABLE_DEBUG_INFO = YES;
				ONLY_ACTIVE_ARCH = YES;
				SDKROOT = iphoneos;
			};
			name = Debug;
		};
		01BAC7D21AE2CF55007DFA6C /* Release */ = {
			isa = XCBuildConfiguration;
			buildSettings = {
				ALWAYS_SEARCH_USER_PATHS = NO;
				CLANG_CXX_LANGUAGE_STANDARD = "gnu++0x";
				CLANG_CXX_LIBRARY = "libc++";
				CLANG_ENABLE_MODULES = YES;
				CLANG_ENABLE_OBJC_ARC = YES;
				CLANG_WARN_BOOL_CONVERSION = YES;
				CLANG_WARN_CONSTANT_CONVERSION = YES;
				CLANG_WARN_DIRECT_OBJC_ISA_USAGE = YES_ERROR;
				CLANG_WARN_EMPTY_BODY = YES;
				CLANG_WARN_ENUM_CONVERSION = YES;
				CLANG_WARN_INT_CONVERSION = YES;
				CLANG_WARN_OBJC_ROOT_CLASS = YES_ERROR;
				CLANG_WARN_UNREACHABLE_CODE = YES;
				CLANG_WARN__DUPLICATE_METHOD_MATCH = YES;
				"CODE_SIGN_IDENTITY[sdk=iphoneos*]" = "iPhone Developer";
				COPY_PHASE_STRIP = NO;
				ENABLE_NS_ASSERTIONS = NO;
				ENABLE_STRICT_OBJC_MSGSEND = YES;
				GCC_C_LANGUAGE_STANDARD = gnu99;
				GCC_WARN_64_TO_32_BIT_CONVERSION = YES;
				GCC_WARN_ABOUT_RETURN_TYPE = YES_ERROR;
				GCC_WARN_UNDECLARED_SELECTOR = YES;
				GCC_WARN_UNINITIALIZED_AUTOS = YES_AGGRESSIVE;
				GCC_WARN_UNUSED_FUNCTION = YES;
				GCC_WARN_UNUSED_VARIABLE = YES;
				IPHONEOS_DEPLOYMENT_TARGET = 8.2;
				MTL_ENABLE_DEBUG_INFO = NO;
				SDKROOT = iphoneos;
				VALIDATE_PRODUCT = YES;
			};
			name = Release;
		};
		01BAC7D41AE2CF55007DFA6C /* Debug */ = {
			isa = XCBuildConfiguration;
			buildSettings = {
				ASSETCATALOG_COMPILER_APPICON_NAME = AppIcon;
				INFOPLIST_FILE = sizeOf/Info.plist;
				LD_RUNPATH_SEARCH_PATHS = "$(inherited) @executable_path/Frameworks";
				PRODUCT_NAME = "$(TARGET_NAME)";
			};
			name = Debug;
		};
		01BAC7D51AE2CF55007DFA6C /* Release */ = {
			isa = XCBuildConfiguration;
			buildSettings = {
				ASSETCATALOG_COMPILER_APPICON_NAME = AppIcon;
				INFOPLIST_FILE = sizeOf/Info.plist;
				LD_RUNPATH_SEARCH_PATHS = "$(inherited) @executable_path/Frameworks";
				PRODUCT_NAME = "$(TARGET_NAME)";
			};
			name = Release;
		};
		01BAC7D71AE2CF55007DFA6C /* Debug */ = {
			isa = XCBuildConfiguration;
			buildSettings = {
				BUNDLE_LOADER = "$(TEST_HOST)";
				FRAMEWORK_SEARCH_PATHS = (
					"$(SDKROOT)/Developer/Library/Frameworks",
					"$(inherited)",
				);
				GCC_PREPROCESSOR_DEFINITIONS = (
					"DEBUG=1",
					"$(inherited)",
				);
				INFOPLIST_FILE = sizeOfTests/Info.plist;
				LD_RUNPATH_SEARCH_PATHS = "$(inherited) @executable_path/Frameworks @loader_path/Frameworks";
				PRODUCT_NAME = "$(TARGET_NAME)";
				TEST_HOST = "$(BUILT_PRODUCTS_DIR)/sizeOf.app/sizeOf";
			};
			name = Debug;
		};
		01BAC7D81AE2CF55007DFA6C /* Release */ = {
			isa = XCBuildConfiguration;
			buildSettings = {
				BUNDLE_LOADER = "$(TEST_HOST)";
				FRAMEWORK_SEARCH_PATHS = (
					"$(SDKROOT)/Developer/Library/Frameworks",
					"$(inherited)",
				);
				INFOPLIST_FILE = sizeOfTests/Info.plist;
				LD_RUNPATH_SEARCH_PATHS = "$(inherited) @executable_path/Frameworks @loader_path/Frameworks";
				PRODUCT_NAME = "$(TARGET_NAME)";
				TEST_HOST = "$(BUILT_PRODUCTS_DIR)/sizeOf.app/sizeOf";
			};
			name = Release;
		};
/* End XCBuildConfiguration section */

/* Begin XCConfigurationList section */
		01BAC7AB1AE2CF55007DFA6C /* Build configuration list for PBXProject "sizeOf" */ = {
			isa = XCConfigurationList;
			buildConfigurations = (
				01BAC7D11AE2CF55007DFA6C /* Debug */,
				01BAC7D21AE2CF55007DFA6C /* Release */,
			);
			defaultConfigurationIsVisible = 0;
			defaultConfigurationName = Release;
		};
		01BAC7D31AE2CF55007DFA6C /* Build configuration list for PBXNativeTarget "sizeOf" */ = {
			isa = XCConfigurationList;
			buildConfigurations = (
				01BAC7D41AE2CF55007DFA6C /* Debug */,
				01BAC7D51AE2CF55007DFA6C /* Release */,
			);
			defaultConfigurationIsVisible = 0;
			defaultConfigurationName = Release;
		};
		01BAC7D61AE2CF55007DFA6C /* Build configuration list for PBXNativeTarget "sizeOfTests" */ = {
			isa = XCConfigurationList;
			buildConfigurations = (
				01BAC7D71AE2CF55007DFA6C /* Debug */,
				01BAC7D81AE2CF55007DFA6C /* Release */,
			);
			defaultConfigurationIsVisible = 0;
			defaultConfigurationName = Release;
		};
/* End XCConfigurationList section */
	};
	rootObject = 01BAC7A81AE2CF55007DFA6C /* Project object */;
}
